
Microsoft Visual Studio Solution File, Format Version 12.00
Project("{FAE04EC0-301F-11D3-BF4B-00C04F79EFBC}") = "apbd_kl_2", "apbd_kl_2\apbd_kl_2.csproj", "{ABA01DE8-937F-45CB-B993-6FF8CAA6EA72}"
EndProject
Global
	GlobalSection(SolutionConfigurationPlatforms) = preSolution
		Debug|Any CPU = Debug|Any CPU
		Release|Any CPU = Release|Any CPU
	EndGlobalSection
	GlobalSection(ProjectConfigurationPlatforms) = postSolution
		{ABA01DE8-937F-45CB-B993-6FF8CAA6EA72}.Debug|Any CPU.ActiveCfg = Debug|Any CPU
		{ABA01DE8-937F-45CB-B993-6FF8CAA6EA72}.Debug|Any CPU.Build.0 = Debug|Any CPU
		{ABA01DE8-937F-45CB-B993-6FF8CAA6EA72}.Release|Any CPU.ActiveCfg = Release|Any CPU
		{ABA01DE8-937F-45CB-B993-6FF8CAA6EA72}.Release|Any CPU.Build.0 = Release|Any CPU
	EndGlobalSection
EndGlobal
